
Microsoft Visual Studio Solution File, Format Version 12.00
# Visual Studio 14
VisualStudioVersion = 14.0.25420.1
MinimumVisualStudioVersion = 10.0.40219.1
Project("{FAE04EC0-301F-11D3-BF4B-00C04F79EFBC}") = "CS_Queue_Stack", "CS_Queue_Stack\CS_Queue_Stack.csproj", "{A4A01927-4F88-4B0D-B726-31D4D4EA820D}"
EndProject
Global
	GlobalSection(SolutionConfigurationPlatforms) = preSolution
		Debug|Any CPU = Debug|Any CPU
		Release|Any CPU = Release|Any CPU
	EndGlobalSection
	GlobalSection(ProjectConfigurationPlatforms) = postSolution
		{A4A01927-4F88-4B0D-B726-31D4D4EA820D}.Debug|Any CPU.ActiveCfg = Debug|Any CPU
		{A4A01927-4F88-4B0D-B726-31D4D4EA820D}.Debug|Any CPU.Build.0 = Debug|Any CPU
		{A4A01927-4F88-4B0D-B726-31D4D4EA820D}.Release|Any CPU.ActiveCfg = Release|Any CPU
		{A4A01927-4F88-4B0D-B726-31D4D4EA820D}.Release|Any CPU.Build.0 = Release|Any CPU
	EndGlobalSection
	GlobalSection(SolutionProperties) = preSolution
		HideSolutionNode = FALSE
	EndGlobalSection
EndGlobal
